{
  "name": "nodejs-usage-dashboard",
  "version": "1.0.0",
  "lockfileVersion": 2,
  "requires": true,
  "packages": {
    "": {
      "name": "nodejs-usage-dashboard",
      "version": "1.0.0",
      "license": "ISC",
      "dependencies": {
        "node-os-utils": "^1.3.6"
      }
    },
    "node_modules/node-os-utils": {
      "version": "1.3.6",
      "resolved": "https://registry.npmjs.org/node-os-utils/-/node-os-utils-1.3.6.tgz",
      "integrity": "sha512-WympE9ELtdOzNak/rAuuIV5DwvX/PTJtN0LjyWeGyTTR2Kt0sY56ldLoGbVBnfM1dz46VeO3sHcNZI5BZ+EB+w=="
    }
  },
  "dependencies": {
    "node-os-utils": {
      "version": "1.3.6",
      "resolved": "https://registry.npmjs.org/node-os-utils/-/node-os-utils-1.3.6.tgz",
      "integrity": "sha512-WympE9ELtdOzNak/rAuuIV5DwvX/PTJtN0LjyWeGyTTR2Kt0sY56ldLoGbVBnfM1dz46VeO3sHcNZI5BZ+EB+w=="
    }
  }
}
